
Microsoft Visual Studio Solution File, Format Version 12.00
# Visual Studio Version 17
VisualStudioVersion = 17.10.35013.160
MinimumVisualStudioVersion = 10.0.40219.1
Project("{FAE04EC0-301F-11D3-BF4B-00C04F79EFBC}") = "Intro to GUIs", "Intro to GUIs\Intro to GUIs.csproj", "{5F34F748-005C-4278-986F-E8730A3311D5}"
EndProject
Global
	GlobalSection(SolutionConfigurationPlatforms) = preSolution
		Debug|Any CPU = Debug|Any CPU
		Release|Any CPU = Release|Any CPU
	EndGlobalSection
	GlobalSection(ProjectConfigurationPlatforms) = postSolution
		{5F34F748-005C-4278-986F-E8730A3311D5}.Debug|Any CPU.ActiveCfg = Debug|Any CPU
		{5F34F748-005C-4278-986F-E8730A3311D5}.Debug|Any CPU.Build.0 = Debug|Any CPU
		{5F34F748-005C-4278-986F-E8730A3311D5}.Release|Any CPU.ActiveCfg = Release|Any CPU
		{5F34F748-005C-4278-986F-E8730A3311D5}.Release|Any CPU.Build.0 = Release|Any CPU
	EndGlobalSection
	GlobalSection(SolutionProperties) = preSolution
		HideSolutionNode = FALSE
	EndGlobalSection
	GlobalSection(ExtensibilityGlobals) = postSolution
		SolutionGuid = {7E2705B6-D74E-4436-9574-5B716D085DD4}
	EndGlobalSection
EndGlobal
